// !$*UTF8*$!
{
	archiveVersion = 1;
	classes = {
	};
	objectVersion = 56;
	objects = {

/* Begin PBXBuildFile section */
		634E72372B80746C00C5C48A /* test_audio in Resources */ = {isa = PBXBuildFile; fileRef = 634E72362B80746C00C5C48A /* test_audio */; };
		634E723A2B8079E900C5C48A /* recorder.swift in Sources */ = {isa = PBXBuildFile; fileRef = 634E72392B8079E900C5C48A /* recorder.swift */; };
		634E723C2B80864C00C5C48A /* AudioPermissionRequireView.swift in Sources */ = {isa = PBXBuildFile; fileRef = 634E723B2B80864C00C5C48A /* AudioPermissionRequireView.swift */; };
		635144282B69931B009933EE /* Speech_to_ASLApp.swift in Sources */ = {isa = PBXBuildFile; fileRef = 635144272B69931B009933EE /* Speech_to_ASLApp.swift */; };
		6351442A2B69931B009933EE /* ContentView.swift in Sources */ = {isa = PBXBuildFile; fileRef = 635144292B69931B009933EE /* ContentView.swift */; };
		6351442C2B699322009933EE /* Assets.xcassets in Resources */ = {isa = PBXBuildFile; fileRef = 6351442B2B699322009933EE /* Assets.xcassets */; };
		6351442F2B699322009933EE /* Preview Assets.xcassets in Resources */ = {isa = PBXBuildFile; fileRef = 6351442E2B699322009933EE /* Preview Assets.xcassets */; };
		635144392B699323009933EE /* Speech_to_ASLTests.swift in Sources */ = {isa = PBXBuildFile; fileRef = 635144382B699323009933EE /* Speech_to_ASLTests.swift */; };
		635144432B699323009933EE /* Speech_to_ASLUITests.swift in Sources */ = {isa = PBXBuildFile; fileRef = 635144422B699323009933EE /* Speech_to_ASLUITests.swift */; };
		635144452B699323009933EE /* Speech_to_ASLUITestsLaunchTests.swift in Sources */ = {isa = PBXBuildFile; fileRef = 635144442B699323009933EE /* Speech_to_ASLUITestsLaunchTests.swift */; };
/* End PBXBuildFile section */

/* Begin PBXContainerItemProxy section */
		635144352B699323009933EE /* PBXContainerItemProxy */ = {
			isa = PBXContainerItemProxy;
			containerPortal = 6351441C2B69931A009933EE /* Project object */;
			proxyType = 1;
			remoteGlobalIDString = 635144232B69931B009933EE;
			remoteInfo = "Speech to ASL";
		};
		6351443F2B699323009933EE /* PBXContainerItemProxy */ = {
			isa = PBXContainerItemProxy;
			containerPortal = 6351441C2B69931A009933EE /* Project object */;
			proxyType = 1;
			remoteGlobalIDString = 635144232B69931B009933EE;
			remoteInfo = "Speech to ASL";
		};
/* End PBXContainerItemProxy section */

/* Begin PBXFileReference section */
		634E72362B80746C00C5C48A /* test_audio */ = {isa = PBXFileReference; lastKnownFileType = folder; name = test_audio; path = ../../test_audio; sourceTree = "<group>"; };
		634E72392B8079E900C5C48A /* recorder.swift */ = {isa = PBXFileReference; lastKnownFileType = sourcecode.swift; path = recorder.swift; sourceTree = "<group>"; };
		634E723B2B80864C00C5C48A /* AudioPermissionRequireView.swift */ = {isa = PBXFileReference; lastKnownFileType = sourcecode.swift; path = AudioPermissionRequireView.swift; sourceTree = "<group>"; };
		635144242B69931B009933EE /* Speech to ASL.app */ = {isa = PBXFileReference; explicitFileType = wrapper.application; includeInIndex = 0; path = "Speech to ASL.app"; sourceTree = BUILT_PRODUCTS_DIR; };
		635144272B69931B009933EE /* Speech_to_ASLApp.swift */ = {isa = PBXFileReference; lastKnownFileType = sourcecode.swift; path = Speech_to_ASLApp.swift; sourceTree = "<group>"; };
		635144292B69931B009933EE /* ContentView.swift */ = {isa = PBXFileReference; lastKnownFileType = sourcecode.swift; path = ContentView.swift; sourceTree = "<group>"; };
		6351442B2B699322009933EE /* Assets.xcassets */ = {isa = PBXFileReference; lastKnownFileType = folder.assetcatalog; path = Assets.xcassets; sourceTree = "<group>"; };
		6351442E2B699322009933EE /* Preview Assets.xcassets */ = {isa = PBXFileReference; lastKnownFileType = folder.assetcatalog; path = "Preview Assets.xcassets"; sourceTree = "<group>"; };
		635144342B699323009933EE /* Speech to ASLTests.xctest */ = {isa = PBXFileReference; explicitFileType = wrapper.cfbundle; includeInIndex = 0; path = "Speech to ASLTests.xctest"; sourceTree = BUILT_PRODUCTS_DIR; };
		635144382B699323009933EE /* Speech_to_ASLTests.swift */ = {isa = PBXFileReference; lastKnownFileType = sourcecode.swift; path = Speech_to_ASLTests.swift; sourceTree = "<group>"; };
		6351443E2B699323009933EE /* Speech to ASLUITests.xctest */ = {isa = PBXFileReference; explicitFileType = wrapper.cfbundle; includeInIndex = 0; path = "Speech to ASLUITests.xctest"; sourceTree = BUILT_PRODUCTS_DIR; };
		635144422B699323009933EE /* Speech_to_ASLUITests.swift */ = {isa = PBXFileReference; lastKnownFileType = sourcecode.swift; path = Speech_to_ASLUITests.swift; sourceTree = "<group>"; };
		635144442B699323009933EE /* Speech_to_ASLUITestsLaunchTests.swift */ = {isa = PBXFileReference; lastKnownFileType = sourcecode.swift; path = Speech_to_ASLUITestsLaunchTests.swift; sourceTree = "<group>"; };
		63F708542B840BFE00617AA4 /* Speech-to-ASL-Info.plist */ = {isa = PBXFileReference; lastKnownFileType = text.plist; path = "Speech-to-ASL-Info.plist"; sourceTree = SOURCE_ROOT; };
/* End PBXFileReference section */

/* Begin PBXFrameworksBuildPhase section */
		635144212B69931B009933EE /* Frameworks */ = {
			isa = PBXFrameworksBuildPhase;
			buildActionMask = 2147483647;
			files = (
			);
			runOnlyForDeploymentPostprocessing = 0;
		};
		635144312B699323009933EE /* Frameworks */ = {
			isa = PBXFrameworksBuildPhase;
			buildActionMask = 2147483647;
			files = (
			);
			runOnlyForDeploymentPostprocessing = 0;
		};
		6351443B2B699323009933EE /* Frameworks */ = {
			isa = PBXFrameworksBuildPhase;
			buildActionMask = 2147483647;
			files = (
			);
			runOnlyForDeploymentPostprocessing = 0;
		};
/* End PBXFrameworksBuildPhase section */

/* Begin PBXGroup section */
		6351441B2B69931A009933EE = {
			isa = PBXGroup;
			children = (
				635144262B69931B009933EE /* Speech to ASL */,
				635144372B699323009933EE /* Speech to ASLTests */,
				635144412B699323009933EE /* Speech to ASLUITests */,
				635144252B69931B009933EE /* Products */,
			);
			sourceTree = "<group>";
		};
		635144252B69931B009933EE /* Products */ = {
			isa = PBXGroup;
			children = (
				635144242B69931B009933EE /* Speech to ASL.app */,
				635144342B699323009933EE /* Speech to ASLTests.xctest */,
				6351443E2B699323009933EE /* Speech to ASLUITests.xctest */,
			);
			name = Products;
			sourceTree = "<group>";
		};
		635144262B69931B009933EE /* Speech to ASL */ = {
			isa = PBXGroup;
			children = (
				63F708542B840BFE00617AA4 /* Speech-to-ASL-Info.plist */,
				63DE8E9C2B816B2C008F32BD /* trecorded_audio */,
				634E72362B80746C00C5C48A /* test_audio */,
				635144272B69931B009933EE /* Speech_to_ASLApp.swift */,
				635144292B69931B009933EE /* ContentView.swift */,
				6351442B2B699322009933EE /* Assets.xcassets */,
				6351442D2B699322009933EE /* Preview Content */,
				634E72392B8079E900C5C48A /* recorder.swift */,
				634E723B2B80864C00C5C48A /* AudioPermissionRequireView.swift */,
			);
			path = "Speech to ASL";
			sourceTree = "<group>";
		};
		6351442D2B699322009933EE /* Preview Content */ = {
			isa = PBXGroup;
			children = (
				6351442E2B699322009933EE /* Preview Assets.xcassets */,
			);
			path = "Preview Content";
			sourceTree = "<group>";
		};
		635144372B699323009933EE /* Speech to ASLTests */ = {
			isa = PBXGroup;
			children = (
				635144382B699323009933EE /* Speech_to_ASLTests.swift */,
			);
			path = "Speech to ASLTests";
			sourceTree = "<group>";
		};
		635144412B699323009933EE /* Speech to ASLUITests */ = {
			isa = PBXGroup;
			children = (
				635144422B699323009933EE /* Speech_to_ASLUITests.swift */,
				635144442B699323009933EE /* Speech_to_ASLUITestsLaunchTests.swift */,
			);
			path = "Speech to ASLUITests";
			sourceTree = "<group>";
		};
		63DE8E9C2B816B2C008F32BD /* trecorded_audio */ = {
			isa = PBXGroup;
			children = (
			);
			path = trecorded_audio;
			sourceTree = "<group>";
		};
/* End PBXGroup section */

/* Begin PBXNativeTarget section */
		635144232B69931B009933EE /* Speech to ASL */ = {
			isa = PBXNativeTarget;
			buildConfigurationList = 635144482B699323009933EE /* Build configuration list for PBXNativeTarget "Speech to ASL" */;
			buildPhases = (
				635144202B69931B009933EE /* Sources */,
				635144212B69931B009933EE /* Frameworks */,
				635144222B69931B009933EE /* Resources */,
			);
			buildRules = (
			);
			dependencies = (
			);
			name = "Speech to ASL";
			productName = "Speech to ASL";
			productReference = 635144242B69931B009933EE /* Speech to ASL.app */;
			productType = "com.apple.product-type.application";
		};
		635144332B699323009933EE /* Speech to ASLTests */ = {
			isa = PBXNativeTarget;
			buildConfigurationList = 6351444B2B699323009933EE /* Build configuration list for PBXNativeTarget "Speech to ASLTests" */;
			buildPhases = (
				635144302B699323009933EE /* Sources */,
				635144312B699323009933EE /* Frameworks */,
				635144322B699323009933EE /* Resources */,
			);
			buildRules = (
			);
			dependencies = (
				635144362B699323009933EE /* PBXTargetDependency */,
			);
			name = "Speech to ASLTests";
			productName = "Speech to ASLTests";
			productReference = 635144342B699323009933EE /* Speech to ASLTests.xctest */;
			productType = "com.apple.product-type.bundle.unit-test";
		};
		6351443D2B699323009933EE /* Speech to ASLUITests */ = {
			isa = PBXNativeTarget;
			buildConfigurationList = 6351444E2B699323009933EE /* Build configuration list for PBXNativeTarget "Speech to ASLUITests" */;
			buildPhases = (
				6351443A2B699323009933EE /* Sources */,
				6351443B2B699323009933EE /* Frameworks */,
				6351443C2B699323009933EE /* Resources */,
			);
			buildRules = (
			);
			dependencies = (
				635144402B699323009933EE /* PBXTargetDependency */,
			);
			name = "Speech to ASLUITests";
			productName = "Speech to ASLUITests";
			productReference = 6351443E2B699323009933EE /* Speech to ASLUITests.xctest */;
			productType = "com.apple.product-type.bundle.ui-testing";
		};
/* End PBXNativeTarget section */

/* Begin PBXProject section */
		6351441C2B69931A009933EE /* Project object */ = {
			isa = PBXProject;
			attributes = {
				BuildIndependentTargetsInParallel = 1;
				LastSwiftUpdateCheck = 1420;
				LastUpgradeCheck = 1420;
				TargetAttributes = {
					635144232B69931B009933EE = {
						CreatedOnToolsVersion = 14.2;
					};
					635144332B699323009933EE = {
						CreatedOnToolsVersion = 14.2;
						TestTargetID = 635144232B69931B009933EE;
					};
					6351443D2B699323009933EE = {
						CreatedOnToolsVersion = 14.2;
						TestTargetID = 635144232B69931B009933EE;
					};
				};
			};
			buildConfigurationList = 6351441F2B69931A009933EE /* Build configuration list for PBXProject "Speech to ASL" */;
			compatibilityVersion = "Xcode 14.0";
			developmentRegion = en;
			hasScannedForEncodings = 0;
			knownRegions = (
				en,
				Base,
			);
			mainGroup = 6351441B2B69931A009933EE;
			productRefGroup = 635144252B69931B009933EE /* Products */;
			projectDirPath = "";
			projectRoot = "";
			targets = (
				635144232B69931B009933EE /* Speech to ASL */,
				635144332B699323009933EE /* Speech to ASLTests */,
				6351443D2B699323009933EE /* Speech to ASLUITests */,
			);
		};
/* End PBXProject section */

/* Begin PBXResourcesBuildPhase section */
		635144222B69931B009933EE /* Resources */ = {
			isa = PBXResourcesBuildPhase;
			buildActionMask = 2147483647;
			files = (
				6351442F2B699322009933EE /* Preview Assets.xcassets in Resources */,
				634E72372B80746C00C5C48A /* test_audio in Resources */,
				6351442C2B699322009933EE /* Assets.xcassets in Resources */,
			);
			runOnlyForDeploymentPostprocessing = 0;
		};
		635144322B699323009933EE /* Resources */ = {
			isa = PBXResourcesBuildPhase;
			buildActionMask = 2147483647;
			files = (
			);
			runOnlyForDeploymentPostprocessing = 0;
		};
		6351443C2B699323009933EE /* Resources */ = {
			isa = PBXResourcesBuildPhase;
			buildActionMask = 2147483647;
			files = (
			);
			runOnlyForDeploymentPostprocessing = 0;
		};
/* End PBXResourcesBuildPhase section */

/* Begin PBXSourcesBuildPhase section */
		635144202B69931B009933EE /* Sources */ = {
			isa = PBXSourcesBuildPhase;
			buildActionMask = 2147483647;
			files = (
				634E723C2B80864C00C5C48A /* AudioPermissionRequireView.swift in Sources */,
				6351442A2B69931B009933EE /* ContentView.swift in Sources */,
				635144282B69931B009933EE /* Speech_to_ASLApp.swift in Sources */,
				634E723A2B8079E900C5C48A /* recorder.swift in Sources */,
			);
			runOnlyForDeploymentPostprocessing = 0;
		};
		635144302B699323009933EE /* Sources */ = {
			isa = PBXSourcesBuildPhase;
			buildActionMask = 2147483647;
			files = (
				635144392B699323009933EE /* Speech_to_ASLTests.swift in Sources */,
			);
			runOnlyForDeploymentPostprocessing = 0;
		};
		6351443A2B699323009933EE /* Sources */ = {
			isa = PBXSourcesBuildPhase;
			buildActionMask = 2147483647;
			files = (
				635144452B699323009933EE /* Speech_to_ASLUITestsLaunchTests.swift in Sources */,
				635144432B699323009933EE /* Speech_to_ASLUITests.swift in Sources */,
			);
			runOnlyForDeploymentPostprocessing = 0;
		};
/* End PBXSourcesBuildPhase section */

/* Begin PBXTargetDependency section */
		635144362B699323009933EE /* PBXTargetDependency */ = {
			isa = PBXTargetDependency;
			target = 635144232B69931B009933EE /* Speech to ASL */;
			targetProxy = 635144352B699323009933EE /* PBXContainerItemProxy */;
		};
		635144402B699323009933EE /* PBXTargetDependency */ = {
			isa = PBXTargetDependency;
			target = 635144232B69931B009933EE /* Speech to ASL */;
			targetProxy = 6351443F2B699323009933EE /* PBXContainerItemProxy */;
		};
/* End PBXTargetDependency section */

/* Begin XCBuildConfiguration section */
		635144462B699323009933EE /* Debug */ = {
			isa = XCBuildConfiguration;
			buildSettings = {
				ALWAYS_SEARCH_USER_PATHS = NO;
				CLANG_ANALYZER_NONNULL = YES;
				CLANG_ANALYZER_NUMBER_OBJECT_CONVERSION = YES_AGGRESSIVE;
				CLANG_CXX_LANGUAGE_STANDARD = "gnu++20";
				CLANG_ENABLE_MODULES = YES;
				CLANG_ENABLE_OBJC_ARC = YES;
				CLANG_ENABLE_OBJC_WEAK = YES;
				CLANG_WARN_BLOCK_CAPTURE_AUTORELEASING = YES;
				CLANG_WARN_BOOL_CONVERSION = YES;
				CLANG_WARN_COMMA = YES;
				CLANG_WARN_CONSTANT_CONVERSION = YES;
				CLANG_WARN_DEPRECATED_OBJC_IMPLEMENTATIONS = YES;
				CLANG_WARN_DIRECT_OBJC_ISA_USAGE = YES_ERROR;
				CLANG_WARN_DOCUMENTATION_COMMENTS = YES;
				CLANG_WARN_EMPTY_BODY = YES;
				CLANG_WARN_ENUM_CONVERSION = YES;
				CLANG_WARN_INFINITE_RECURSION = YES;
				CLANG_WARN_INT_CONVERSION = YES;
				CLANG_WARN_NON_LITERAL_NULL_CONVERSION = YES;
				CLANG_WARN_OBJC_IMPLICIT_RETAIN_SELF = YES;
				CLANG_WARN_OBJC_LITERAL_CONVERSION = YES;
				CLANG_WARN_OBJC_ROOT_CLASS = YES_ERROR;
				CLANG_WARN_QUOTED_INCLUDE_IN_FRAMEWORK_HEADER = YES;
				CLANG_WARN_RANGE_LOOP_ANALYSIS = YES;
				CLANG_WARN_STRICT_PROTOTYPES = YES;
				CLANG_WARN_SUSPICIOUS_MOVE = YES;
				CLANG_WARN_UNGUARDED_AVAILABILITY = YES_AGGRESSIVE;
				CLANG_WARN_UNREACHABLE_CODE = YES;
				CLANG_WARN__DUPLICATE_METHOD_MATCH = YES;
				COPY_PHASE_STRIP = NO;
				DEBUG_INFORMATION_FORMAT = dwarf;
				ENABLE_STRICT_OBJC_MSGSEND = YES;
				ENABLE_TESTABILITY = YES;
				GCC_C_LANGUAGE_STANDARD = gnu11;
				GCC_DYNAMIC_NO_PIC = NO;
				GCC_NO_COMMON_BLOCKS = YES;
				GCC_OPTIMIZATION_LEVEL = 0;
				GCC_PREPROCESSOR_DEFINITIONS = (
					"DEBUG=1",
					"$(inherited)",
				);
				GCC_WARN_64_TO_32_BIT_CONVERSION = YES;
				GCC_WARN_ABOUT_RETURN_TYPE = YES_ERROR;
				GCC_WARN_UNDECLARED_SELECTOR = YES;
				GCC_WARN_UNINITIALIZED_AUTOS = YES_AGGRESSIVE;
				GCC_WARN_UNUSED_FUNCTION = YES;
				GCC_WARN_UNUSED_VARIABLE = YES;
				IPHONEOS_DEPLOYMENT_TARGET = 16.2;
				MTL_ENABLE_DEBUG_INFO = INCLUDE_SOURCE;
				MTL_FAST_MATH = YES;
				ONLY_ACTIVE_ARCH = YES;
				SDKROOT = iphoneos;
				SWIFT_ACTIVE_COMPILATION_CONDITIONS = DEBUG;
				SWIFT_OPTIMIZATION_LEVEL = "-Onone";
				SWIFT_VERSION = 5.0;
			};
			name = Debug;
		};
		635144472B699323009933EE /* Release */ = {
			isa = XCBuildConfiguration;
			buildSettings = {
				ALWAYS_SEARCH_USER_PATHS = NO;
				CLANG_ANALYZER_NONNULL = YES;
				CLANG_ANALYZER_NUMBER_OBJECT_CONVERSION = YES_AGGRESSIVE;
				CLANG_CXX_LANGUAGE_STANDARD = "gnu++20";
				CLANG_ENABLE_MODULES = YES;
				CLANG_ENABLE_OBJC_ARC = YES;
				CLANG_ENABLE_OBJC_WEAK = YES;
				CLANG_WARN_BLOCK_CAPTURE_AUTORELEASING = YES;
				CLANG_WARN_BOOL_CONVERSION = YES;
				CLANG_WARN_COMMA = YES;
				CLANG_WARN_CONSTANT_CONVERSION = YES;
				CLANG_WARN_DEPRECATED_OBJC_IMPLEMENTATIONS = YES;
				CLANG_WARN_DIRECT_OBJC_ISA_USAGE = YES_ERROR;
				CLANG_WARN_DOCUMENTATION_COMMENTS = YES;
				CLANG_WARN_EMPTY_BODY = YES;
				CLANG_WARN_ENUM_CONVERSION = YES;
				CLANG_WARN_INFINITE_RECURSION = YES;
				CLANG_WARN_INT_CONVERSION = YES;
				CLANG_WARN_NON_LITERAL_NULL_CONVERSION = YES;
				CLANG_WARN_OBJC_IMPLICIT_RETAIN_SELF = YES;
				CLANG_WARN_OBJC_LITERAL_CONVERSION = YES;
				CLANG_WARN_OBJC_ROOT_CLASS = YES_ERROR;
				CLANG_WARN_QUOTED_INCLUDE_IN_FRAMEWORK_HEADER = YES;
				CLANG_WARN_RANGE_LOOP_ANALYSIS = YES;
				CLANG_WARN_STRICT_PROTOTYPES = YES;
				CLANG_WARN_SUSPICIOUS_MOVE = YES;
				CLANG_WARN_UNGUARDED_AVAILABILITY = YES_AGGRESSIVE;
				CLANG_WARN_UNREACHABLE_CODE = YES;
				CLANG_WARN__DUPLICATE_METHOD_MATCH = YES;
				COPY_PHASE_STRIP = NO;
				DEBUG_INFORMATION_FORMAT = "dwarf-with-dsym";
				ENABLE_NS_ASSERTIONS = NO;
				ENABLE_STRICT_OBJC_MSGSEND = YES;
				GCC_C_LANGUAGE_STANDARD = gnu11;
				GCC_NO_COMMON_BLOCKS = YES;
				GCC_WARN_64_TO_32_BIT_CONVERSION = YES;
				GCC_WARN_ABOUT_RETURN_TYPE = YES_ERROR;
				GCC_WARN_UNDECLARED_SELECTOR = YES;
				GCC_WARN_UNINITIALIZED_AUTOS = YES_AGGRESSIVE;
				GCC_WARN_UNUSED_FUNCTION = YES;
				GCC_WARN_UNUSED_VARIABLE = YES;
				IPHONEOS_DEPLOYMENT_TARGET = 16.2;
				MTL_ENABLE_DEBUG_INFO = NO;
				MTL_FAST_MATH = YES;
				SDKROOT = iphoneos;
				SWIFT_COMPILATION_MODE = wholemodule;
				SWIFT_OPTIMIZATION_LEVEL = "-O";
				SWIFT_VERSION = 5.0;
				VALIDATE_PRODUCT = YES;
			};
			name = Release;
		};
		635144492B699323009933EE /* Debug */ = {
			isa = XCBuildConfiguration;
			buildSettings = {
				ASSETCATALOG_COMPILER_APPICON_NAME = AppIcon;
				ASSETCATALOG_COMPILER_GLOBAL_ACCENT_COLOR_NAME = AccentColor;
				CODE_SIGN_STYLE = Automatic;
				CURRENT_PROJECT_VERSION = 1;
				DEVELOPMENT_ASSET_PATHS = "\"Speech to ASL/Preview Content\"";
				DEVELOPMENT_TEAM = A48GNM3DZ2;
				ENABLE_PREVIEWS = YES;
				GENERATE_INFOPLIST_FILE = YES;
				INFOPLIST_FILE = "Speech-to-ASL-Info.plist";
				INFOPLIST_KEY_NSMicrophoneUsageDescription = "You need to allow microphone in order to record";
				INFOPLIST_KEY_UIApplicationSupportsIndirectInputEvents = YES;
				INFOPLIST_KEY_UILaunchScreen_Generation = YES;
				INFOPLIST_KEY_UISupportedInterfaceOrientations_iPad = "UIInterfaceOrientationPortrait UIInterfaceOrientationPortraitUpsideDown UIInterfaceOrientationLandscapeLeft UIInterfaceOrientationLandscapeRight";
				INFOPLIST_KEY_UISupportedInterfaceOrientations_iPhone = "UIInterfaceOrientationPortrait UIInterfaceOrientationLandscapeLeft UIInterfaceOrientationLandscapeRight";
				LD_RUNPATH_SEARCH_PATHS = (
					"$(inherited)",
					"@executable_path/Frameworks",
				);
				MARKETING_VERSION = 1.0;
				PRODUCT_BUNDLE_IDENTIFIER = "AdrianSLopez.Speech-to-ASL";
				PRODUCT_NAME = "$(TARGET_NAME)";
				SWIFT_EMIT_LOC_STRINGS = YES;
				SWIFT_VERSION = 5.0;
				TARGETED_DEVICE_FAMILY = "1,2";
			};
			name = Debug;
		};
		6351444A2B699323009933EE /* Release */ = {
			isa = XCBuildConfiguration;
			buildSettings = {
				ASSETCATALOG_COMPILER_APPICON_NAME = AppIcon;
				ASSETCATALOG_COMPILER_GLOBAL_ACCENT_COLOR_NAME = AccentColor;
				CODE_SIGN_STYLE = Automatic;
				CURRENT_PROJECT_VERSION = 1;
				DEVELOPMENT_ASSET_PATHS = "\"Speech to ASL/Preview Content\"";
				DEVELOPMENT_TEAM = A48GNM3DZ2;
				ENABLE_PREVIEWS = YES;
				GENERATE_INFOPLIST_FILE = YES;
				INFOPLIST_FILE = "Speech-to-ASL-Info.plist";
				INFOPLIST_KEY_NSMicrophoneUsageDescription = "You need to allow microphone in order to record";
				INFOPLIST_KEY_UIApplicationSupportsIndirectInputEvents = YES;
				INFOPLIST_KEY_UILaunchScreen_Generation = YES;
				INFOPLIST_KEY_UISupportedInterfaceOrientations_iPad = "UIInterfaceOrientationPortrait UIInterfaceOrientationPortraitUpsideDown UIInterfaceOrientationLandscapeLeft UIInterfaceOrientationLandscapeRight";
				INFOPLIST_KEY_UISupportedInterfaceOrientations_iPhone = "UIInterfaceOrientationPortrait UIInterfaceOrientationLandscapeLeft UIInterfaceOrientationLandscapeRight";
				LD_RUNPATH_SEARCH_PATHS = (
					"$(inherited)",
					"@executable_path/Frameworks",
				);
				MARKETING_VERSION = 1.0;
				PRODUCT_BUNDLE_IDENTIFIER = "AdrianSLopez.Speech-to-ASL";
				PRODUCT_NAME = "$(TARGET_NAME)";
				SWIFT_EMIT_LOC_STRINGS = YES;
				SWIFT_VERSION = 5.0;
				TARGETED_DEVICE_FAMILY = "1,2";
			};
			name = Release;
		};
		6351444C2B699323009933EE /* Debug */ = {
			isa = XCBuildConfiguration;
			buildSettings = {
				ALWAYS_EMBED_SWIFT_STANDARD_LIBRARIES = YES;
				BUNDLE_LOADER = "$(TEST_HOST)";
				CODE_SIGN_STYLE = Automatic;
				CURRENT_PROJECT_VERSION = 1;
				DEVELOPMENT_TEAM = A48GNM3DZ2;
				GENERATE_INFOPLIST_FILE = YES;
				IPHONEOS_DEPLOYMENT_TARGET = 16.2;
				MARKETING_VERSION = 1.0;
				PRODUCT_BUNDLE_IDENTIFIER = "AdrianSLopez.Speech-to-ASLTests";
				PRODUCT_NAME = "$(TARGET_NAME)";
				SWIFT_EMIT_LOC_STRINGS = NO;
				SWIFT_VERSION = 5.0;
				TARGETED_DEVICE_FAMILY = "1,2";
				TEST_HOST = "$(BUILT_PRODUCTS_DIR)/Speech to ASL.app/$(BUNDLE_EXECUTABLE_FOLDER_PATH)/Speech to ASL";
			};
			name = Debug;
		};
		6351444D2B699323009933EE /* Release */ = {
			isa = XCBuildConfiguration;
			buildSettings = {
				ALWAYS_EMBED_SWIFT_STANDARD_LIBRARIES = YES;
				BUNDLE_LOADER = "$(TEST_HOST)";
				CODE_SIGN_STYLE = Automatic;
				CURRENT_PROJECT_VERSION = 1;
				DEVELOPMENT_TEAM = A48GNM3DZ2;
				GENERATE_INFOPLIST_FILE = YES;
				IPHONEOS_DEPLOYMENT_TARGET = 16.2;
				MARKETING_VERSION = 1.0;
				PRODUCT_BUNDLE_IDENTIFIER = "AdrianSLopez.Speech-to-ASLTests";
				PRODUCT_NAME = "$(TARGET_NAME)";
				SWIFT_EMIT_LOC_STRINGS = NO;
				SWIFT_VERSION = 5.0;
				TARGETED_DEVICE_FAMILY = "1,2";
				TEST_HOST = "$(BUILT_PRODUCTS_DIR)/Speech to ASL.app/$(BUNDLE_EXECUTABLE_FOLDER_PATH)/Speech to ASL";
			};
			name = Release;
		};
		6351444F2B699323009933EE /* Debug */ = {
			isa = XCBuildConfiguration;
			buildSettings = {
				ALWAYS_EMBED_SWIFT_STANDARD_LIBRARIES = YES;
				CODE_SIGN_STYLE = Automatic;
				CURRENT_PROJECT_VERSION = 1;
				DEVELOPMENT_TEAM = A48GNM3DZ2;
				GENERATE_INFOPLIST_FILE = YES;
				MARKETING_VERSION = 1.0;
				PRODUCT_BUNDLE_IDENTIFIER = "AdrianSLopez.Speech-to-ASLUITests";
				PRODUCT_NAME = "$(TARGET_NAME)";
				SWIFT_EMIT_LOC_STRINGS = NO;
				SWIFT_VERSION = 5.0;
				TARGETED_DEVICE_FAMILY = "1,2";
				TEST_TARGET_NAME = "Speech to ASL";
			};
			name = Debug;
		};
		635144502B699323009933EE /* Release */ = {
			isa = XCBuildConfiguration;
			buildSettings = {
				ALWAYS_EMBED_SWIFT_STANDARD_LIBRARIES = YES;
				CODE_SIGN_STYLE = Automatic;
				CURRENT_PROJECT_VERSION = 1;
				DEVELOPMENT_TEAM = A48GNM3DZ2;
				GENERATE_INFOPLIST_FILE = YES;
				MARKETING_VERSION = 1.0;
				PRODUCT_BUNDLE_IDENTIFIER = "AdrianSLopez.Speech-to-ASLUITests";
				PRODUCT_NAME = "$(TARGET_NAME)";
				SWIFT_EMIT_LOC_STRINGS = NO;
				SWIFT_VERSION = 5.0;
				TARGETED_DEVICE_FAMILY = "1,2";
				TEST_TARGET_NAME = "Speech to ASL";
			};
			name = Release;
		};
/* End XCBuildConfiguration section */

/* Begin XCConfigurationList section */
		6351441F2B69931A009933EE /* Build configuration list for PBXProject "Speech to ASL" */ = {
			isa = XCConfigurationList;
			buildConfigurations = (
				635144462B699323009933EE /* Debug */,
				635144472B699323009933EE /* Release */,
			);
			defaultConfigurationIsVisible = 0;
			defaultConfigurationName = Release;
		};
		635144482B699323009933EE /* Build configuration list for PBXNativeTarget "Speech to ASL" */ = {
			isa = XCConfigurationList;
			buildConfigurations = (
				635144492B699323009933EE /* Debug */,
				6351444A2B699323009933EE /* Release */,
			);
			defaultConfigurationIsVisible = 0;
			defaultConfigurationName = Release;
		};
		6351444B2B699323009933EE /* Build configuration list for PBXNativeTarget "Speech to ASLTests" */ = {
			isa = XCConfigurationList;
			buildConfigurations = (
				6351444C2B699323009933EE /* Debug */,
				6351444D2B699323009933EE /* Release */,
			);
			defaultConfigurationIsVisible = 0;
			defaultConfigurationName = Release;
		};
		6351444E2B699323009933EE /* Build configuration list for PBXNativeTarget "Speech to ASLUITests" */ = {
			isa = XCConfigurationList;
			buildConfigurations = (
				6351444F2B699323009933EE /* Debug */,
				635144502B699323009933EE /* Release */,
			);
			defaultConfigurationIsVisible = 0;
			defaultConfigurationName = Release;
		};
/* End XCConfigurationList section */
	};
	rootObject = 6351441C2B69931A009933EE /* Project object */;
}
